# This file is autogenerated, do not edit; changes may be undone by the next 'dep ensure'.


[[projects]]
  branch = "master"
  name = "github.com/brejski/hid"
  packages = ["."]
  revision = "06112dcfcc50a7e0e4fd06e17f9791e788fdaafc"

[solve-meta]
  analyzer-name = "dep"
  analyzer-version = 1
  inputs-digest = "d53e3890211ee74c4937f02438853d502b8eacea6d94b2d45f3a6b77d42c194e"
  solver-name = "gps-cdcl"
  solver-version = 1
